
Microsoft Visual Studio Solution File, Format Version 12.00
# Visual Studio Version 17
VisualStudioVersion = 17.14.36811.4 d17.14
MinimumVisualStudioVersion = 10.0.40219.1
Project("{FAE04EC0-301F-11D3-BF4B-00C04F79EFBC}") = "PlatformService", "PlatformService.csproj", "{A8B2B7FF-ABC0-4A3E-9907-6C193901FEEC}"
EndProject
Global
	GlobalSection(SolutionConfigurationPlatforms) = preSolution
		Debug|Any CPU = Debug|Any CPU
		Release|Any CPU = Release|Any CPU
	EndGlobalSection
	GlobalSection(ProjectConfigurationPlatforms) = postSolution
		{A8B2B7FF-ABC0-4A3E-9907-6C193901FEEC}.Debug|Any CPU.ActiveCfg = Debug|Any CPU
		{A8B2B7FF-ABC0-4A3E-9907-6C193901FEEC}.Debug|Any CPU.Build.0 = Debug|Any CPU
		{A8B2B7FF-ABC0-4A3E-9907-6C193901FEEC}.Release|Any CPU.ActiveCfg = Release|Any CPU
		{A8B2B7FF-ABC0-4A3E-9907-6C193901FEEC}.Release|Any CPU.Build.0 = Release|Any CPU
	EndGlobalSection
	GlobalSection(SolutionProperties) = preSolution
		HideSolutionNode = FALSE
	EndGlobalSection
	GlobalSection(ExtensibilityGlobals) = postSolution
		SolutionGuid = {C47BCC0F-A385-41B8-9A98-FBCEC0932146}
	EndGlobalSection
EndGlobal
